
Microsoft Visual Studio Solution File, Format Version 12.00
# Visual Studio Version 17
VisualStudioVersion = 17.9.34902.65
MinimumVisualStudioVersion = 10.0.40219.1
Project("{FAE04EC0-301F-11D3-BF4B-00C04F79EFBC}") = "Delegates", "Delegates\Delegates.csproj", "{C51AE2AC-02B7-4C88-A7FB-437B14D215E0}"
EndProject
Global
	GlobalSection(SolutionConfigurationPlatforms) = preSolution
		Debug|Any CPU = Debug|Any CPU
		Release|Any CPU = Release|Any CPU
	EndGlobalSection
	GlobalSection(ProjectConfigurationPlatforms) = postSolution
		{C51AE2AC-02B7-4C88-A7FB-437B14D215E0}.Debug|Any CPU.ActiveCfg = Debug|Any CPU
		{C51AE2AC-02B7-4C88-A7FB-437B14D215E0}.Debug|Any CPU.Build.0 = Debug|Any CPU
		{C51AE2AC-02B7-4C88-A7FB-437B14D215E0}.Release|Any CPU.ActiveCfg = Release|Any CPU
		{C51AE2AC-02B7-4C88-A7FB-437B14D215E0}.Release|Any CPU.Build.0 = Release|Any CPU
	EndGlobalSection
	GlobalSection(SolutionProperties) = preSolution
		HideSolutionNode = FALSE
	EndGlobalSection
	GlobalSection(ExtensibilityGlobals) = postSolution
		SolutionGuid = {B60CA38E-11B5-4F20-ACCA-9C23498E0A92}
	EndGlobalSection
EndGlobal
